// !$*UTF8*$!
{
	archiveVersion = 1;
	classes = {
	};
	objectVersion = 46;
	objects = {

/* Begin PBXBuildFile section */
		E16F1FCD1F5EFA0000B7ED98 /* main.m in Sources */ = {isa = PBXBuildFile; fileRef = E16F1FCC1F5EFA0000B7ED98 /* main.m */; };
		E16F1FD01F5EFA0000B7ED98 /* AppDelegate.m in Sources */ = {isa = PBXBuildFile; fileRef = E16F1FCF1F5EFA0000B7ED98 /* AppDelegate.m */; };
		E16F1FD31F5EFA0000B7ED98 /* ViewController.m in Sources */ = {isa = PBXBuildFile; fileRef = E16F1FD21F5EFA0000B7ED98 /* ViewController.m */; };
		E16F1FD61F5EFA0000B7ED98 /* Main.storyboard in Resources */ = {isa = PBXBuildFile; fileRef = E16F1FD41F5EFA0000B7ED98 /* Main.storyboard */; };
		E16F1FD81F5EFA0000B7ED98 /* Assets.xcassets in Resources */ = {isa = PBXBuildFile; fileRef = E16F1FD71F5EFA0000B7ED98 /* Assets.xcassets */; };
		E16F1FDB1F5EFA0000B7ED98 /* LaunchScreen.storyboard in Resources */ = {isa = PBXBuildFile; fileRef = E16F1FD91F5EFA0000B7ED98 /* LaunchScreen.storyboard */; };
		E16F1FE61F5EFA0100B7ED98 /* mySafeKeyboardDemoTests.m in Sources */ = {isa = PBXBuildFile; fileRef = E16F1FE51F5EFA0100B7ED98 /* mySafeKeyboardDemoTests.m */; };
		E16F1FF11F5EFA0100B7ED98 /* mySafeKeyboardDemoUITests.m in Sources */ = {isa = PBXBuildFile; fileRef = E16F1FF01F5EFA0100B7ED98 /* mySafeKeyboardDemoUITests.m */; };
		E16F20131F5EFA1F00B7ED98 /* ISTSafeKeyboard.m in Sources */ = {isa = PBXBuildFile; fileRef = E16F20001F5EFA1F00B7ED98 /* ISTSafeKeyboard.m */; };
		E16F20141F5EFA1F00B7ED98 /* ISTSafeKeyboardButton.m in Sources */ = {isa = PBXBuildFile; fileRef = E16F20031F5EFA1F00B7ED98 /* ISTSafeKeyboardButton.m */; };
		E16F20191F5EFA1F00B7ED98 /* NSMutableArray+ISTSafeKeyboardUpsetOrder.m in Sources */ = {isa = PBXBuildFile; fileRef = E16F200B1F5EFA1F00B7ED98 /* NSMutableArray+ISTSafeKeyboardUpsetOrder.m */; };
		E16F201A1F5EFA1F00B7ED98 /* UIResponder+ISTSafeKeyboardFirstResponder.m in Sources */ = {isa = PBXBuildFile; fileRef = E16F200D1F5EFA1F00B7ED98 /* UIResponder+ISTSafeKeyboardFirstResponder.m */; };
		E16F201B1F5EFA1F00B7ED98 /* UITextField+ISTSafeKeyboard.m in Sources */ = {isa = PBXBuildFile; fileRef = E16F200F1F5EFA1F00B7ED98 /* UITextField+ISTSafeKeyboard.m */; };
		E16F201C1F5EFA1F00B7ED98 /* ISTSafeNumberKeybordView.m in Sources */ = {isa = PBXBuildFile; fileRef = E16F20121F5EFA1F00B7ED98 /* ISTSafeNumberKeybordView.m */; };
		E1AC7EA61F5F8FB800C1AFBC /* ISTSafeKeyboard.xcassets in Resources */ = {isa = PBXBuildFile; fileRef = E1AC7EA51F5F8FB800C1AFBC /* ISTSafeKeyboard.xcassets */; };
/* End PBXBuildFile section */

/* Begin PBXContainerItemProxy section */
		E16F1FE21F5EFA0000B7ED98 /* PBXContainerItemProxy */ = {
			isa = PBXContainerItemProxy;
			containerPortal = E16F1FC01F5EFA0000B7ED98 /* Project object */;
			proxyType = 1;
			remoteGlobalIDString = E16F1FC71F5EFA0000B7ED98;
			remoteInfo = mySafeKeyboardDemo;
		};
		E16F1FED1F5EFA0100B7ED98 /* PBXContainerItemProxy */ = {
			isa = PBXContainerItemProxy;
			containerPortal = E16F1FC01F5EFA0000B7ED98 /* Project object */;
			proxyType = 1;
			remoteGlobalIDString = E16F1FC71F5EFA0000B7ED98;
			remoteInfo = mySafeKeyboardDemo;
		};
/* End PBXContainerItemProxy section */

/* Begin PBXFileReference section */
		E16F1FC81F5EFA0000B7ED98 /* mySafeKeyboardDemo.app */ = {isa = PBXFileReference; explicitFileType = wrapper.application; includeInIndex = 0; path = mySafeKeyboardDemo.app; sourceTree = BUILT_PRODUCTS_DIR; };
		E16F1FCC1F5EFA0000B7ED98 /* main.m */ = {isa = PBXFileReference; lastKnownFileType = sourcecode.c.objc; path = main.m; sourceTree = "<group>"; };
		E16F1FCE1F5EFA0000B7ED98 /* AppDelegate.h */ = {isa = PBXFileReference; lastKnownFileType = sourcecode.c.h; path = AppDelegate.h; sourceTree = "<group>"; };
		E16F1FCF1F5EFA0000B7ED98 /* AppDelegate.m */ = {isa = PBXFileReference; lastKnownFileType = sourcecode.c.objc; path = AppDelegate.m; sourceTree = "<group>"; };
		E16F1FD11F5EFA0000B7ED98 /* ViewController.h */ = {isa = PBXFileReference; lastKnownFileType = sourcecode.c.h; path = ViewController.h; sourceTree = "<group>"; };
		E16F1FD21F5EFA0000B7ED98 /* ViewController.m */ = {isa = PBXFileReference; lastKnownFileType = sourcecode.c.objc; path = ViewController.m; sourceTree = "<group>"; };
		E16F1FD51F5EFA0000B7ED98 /* Base */ = {isa = PBXFileReference; lastKnownFileType = file.storyboard; name = Base; path = Base.lproj/Main.storyboard; sourceTree = "<group>"; };
		E16F1FD71F5EFA0000B7ED98 /* Assets.xcassets */ = {isa = PBXFileReference; lastKnownFileType = folder.assetcatalog; path = Assets.xcassets; sourceTree = "<group>"; };
		E16F1FDA1F5EFA0000B7ED98 /* Base */ = {isa = PBXFileReference; lastKnownFileType = file.storyboard; name = Base; path = Base.lproj/LaunchScreen.storyboard; sourceTree = "<group>"; };
		E16F1FDC1F5EFA0000B7ED98 /* Info.plist */ = {isa = PBXFileReference; lastKnownFileType = text.plist.xml; path = Info.plist; sourceTree = "<group>"; };
		E16F1FE11F5EFA0000B7ED98 /* mySafeKeyboardDemoTests.xctest */ = {isa = PBXFileReference; explicitFileType = wrapper.cfbundle; includeInIndex = 0; path = mySafeKeyboardDemoTests.xctest; sourceTree = BUILT_PRODUCTS_DIR; };
		E16F1FE51F5EFA0100B7ED98 /* mySafeKeyboardDemoTests.m */ = {isa = PBXFileReference; lastKnownFileType = sourcecode.c.objc; path = mySafeKeyboardDemoTests.m; sourceTree = "<group>"; };
		E16F1FE71F5EFA0100B7ED98 /* Info.plist */ = {isa = PBXFileReference; lastKnownFileType = text.plist.xml; path = Info.plist; sourceTree = "<group>"; };
		E16F1FEC1F5EFA0100B7ED98 /* mySafeKeyboardDemoUITests.xctest */ = {isa = PBXFileReference; explicitFileType = wrapper.cfbundle; includeInIndex = 0; path = mySafeKeyboardDemoUITests.xctest; sourceTree = BUILT_PRODUCTS_DIR; };
		E16F1FF01F5EFA0100B7ED98 /* mySafeKeyboardDemoUITests.m */ = {isa = PBXFileReference; lastKnownFileType = sourcecode.c.objc; path = mySafeKeyboardDemoUITests.m; sourceTree = "<group>"; };
		E16F1FF21F5EFA0100B7ED98 /* Info.plist */ = {isa = PBXFileReference; lastKnownFileType = text.plist.xml; path = Info.plist; sourceTree = "<group>"; };
		E16F1FFF1F5EFA1F00B7ED98 /* ISTSafeKeyboard.h */ = {isa = PBXFileReference; fileEncoding = 4; lastKnownFileType = sourcecode.c.h; path = ISTSafeKeyboard.h; sourceTree = "<group>"; };
		E16F20001F5EFA1F00B7ED98 /* ISTSafeKeyboard.m */ = {isa = PBXFileReference; fileEncoding = 4; lastKnownFileType = sourcecode.c.objc; path = ISTSafeKeyboard.m; sourceTree = "<group>"; };
		E16F20021F5EFA1F00B7ED98 /* ISTSafeKeyboardButton.h */ = {isa = PBXFileReference; fileEncoding = 4; lastKnownFileType = sourcecode.c.h; path = ISTSafeKeyboardButton.h; sourceTree = "<group>"; };
		E16F20031F5EFA1F00B7ED98 /* ISTSafeKeyboardButton.m */ = {isa = PBXFileReference; fileEncoding = 4; lastKnownFileType = sourcecode.c.objc; path = ISTSafeKeyboardButton.m; sourceTree = "<group>"; };
		E16F200A1F5EFA1F00B7ED98 /* NSMutableArray+ISTSafeKeyboardUpsetOrder.h */ = {isa = PBXFileReference; fileEncoding = 4; lastKnownFileType = sourcecode.c.h; path = "NSMutableArray+ISTSafeKeyboardUpsetOrder.h"; sourceTree = "<group>"; };
		E16F200B1F5EFA1F00B7ED98 /* NSMutableArray+ISTSafeKeyboardUpsetOrder.m */ = {isa = PBXFileReference; fileEncoding = 4; lastKnownFileType = sourcecode.c.objc; path = "NSMutableArray+ISTSafeKeyboardUpsetOrder.m"; sourceTree = "<group>"; };
		E16F200C1F5EFA1F00B7ED98 /* UIResponder+ISTSafeKeyboardFirstResponder.h */ = {isa = PBXFileReference; fileEncoding = 4; lastKnownFileType = sourcecode.c.h; path = "UIResponder+ISTSafeKeyboardFirstResponder.h"; sourceTree = "<group>"; };
		E16F200D1F5EFA1F00B7ED98 /* UIResponder+ISTSafeKeyboardFirstResponder.m */ = {isa = PBXFileReference; fileEncoding = 4; lastKnownFileType = sourcecode.c.objc; path = "UIResponder+ISTSafeKeyboardFirstResponder.m"; sourceTree = "<group>"; };
		E16F200E1F5EFA1F00B7ED98 /* UITextField+ISTSafeKeyboard.h */ = {isa = PBXFileReference; fileEncoding = 4; lastKnownFileType = sourcecode.c.h; path = "UITextField+ISTSafeKeyboard.h"; sourceTree = "<group>"; };
		E16F200F1F5EFA1F00B7ED98 /* UITextField+ISTSafeKeyboard.m */ = {isa = PBXFileReference; fileEncoding = 4; lastKnownFileType = sourcecode.c.objc; path = "UITextField+ISTSafeKeyboard.m"; sourceTree = "<group>"; };
		E16F20111F5EFA1F00B7ED98 /* ISTSafeNumberKeybordView.h */ = {isa = PBXFileReference; fileEncoding = 4; lastKnownFileType = sourcecode.c.h; path = ISTSafeNumberKeybordView.h; sourceTree = "<group>"; };
		E16F20121F5EFA1F00B7ED98 /* ISTSafeNumberKeybordView.m */ = {isa = PBXFileReference; fileEncoding = 4; lastKnownFileType = sourcecode.c.objc; path = ISTSafeNumberKeybordView.m; sourceTree = "<group>"; };
		E1AC7EA51F5F8FB800C1AFBC /* ISTSafeKeyboard.xcassets */ = {isa = PBXFileReference; lastKnownFileType = folder.assetcatalog; path = ISTSafeKeyboard.xcassets; sourceTree = "<group>"; };
/* End PBXFileReference section */

/* Begin PBXFrameworksBuildPhase section */
		E16F1FC51F5EFA0000B7ED98 /* Frameworks */ = {
			isa = PBXFrameworksBuildPhase;
			buildActionMask = 2147483647;
			files = (
			);
			runOnlyForDeploymentPostprocessing = 0;
		};
		E16F1FDE1F5EFA0000B7ED98 /* Frameworks */ = {
			isa = PBXFrameworksBuildPhase;
			buildActionMask = 2147483647;
			files = (
			);
			runOnlyForDeploymentPostprocessing = 0;
		};
		E16F1FE91F5EFA0100B7ED98 /* Frameworks */ = {
			isa = PBXFrameworksBuildPhase;
			buildActionMask = 2147483647;
			files = (
			);
			runOnlyForDeploymentPostprocessing = 0;
		};
/* End PBXFrameworksBuildPhase section */

/* Begin PBXGroup section */
		E16F1FBF1F5EFA0000B7ED98 = {
			isa = PBXGroup;
			children = (
				E16F1FCA1F5EFA0000B7ED98 /* mySafeKeyboardDemo */,
				E16F1FE41F5EFA0100B7ED98 /* mySafeKeyboardDemoTests */,
				E16F1FEF1F5EFA0100B7ED98 /* mySafeKeyboardDemoUITests */,
				E16F1FC91F5EFA0000B7ED98 /* Products */,
			);
			sourceTree = "<group>";
		};
		E16F1FC91F5EFA0000B7ED98 /* Products */ = {
			isa = PBXGroup;
			children = (
				E16F1FC81F5EFA0000B7ED98 /* mySafeKeyboardDemo.app */,
				E16F1FE11F5EFA0000B7ED98 /* mySafeKeyboardDemoTests.xctest */,
				E16F1FEC1F5EFA0100B7ED98 /* mySafeKeyboardDemoUITests.xctest */,
			);
			name = Products;
			sourceTree = "<group>";
		};
		E16F1FCA1F5EFA0000B7ED98 /* mySafeKeyboardDemo */ = {
			isa = PBXGroup;
			children = (
				E16F1FFE1F5EFA1F00B7ED98 /* ISTSafeKeyBoard */,
				E16F1FCE1F5EFA0000B7ED98 /* AppDelegate.h */,
				E16F1FCF1F5EFA0000B7ED98 /* AppDelegate.m */,
				E16F1FD11F5EFA0000B7ED98 /* ViewController.h */,
				E16F1FD21F5EFA0000B7ED98 /* ViewController.m */,
				E16F1FD41F5EFA0000B7ED98 /* Main.storyboard */,
				E16F1FD71F5EFA0000B7ED98 /* Assets.xcassets */,
				E16F1FD91F5EFA0000B7ED98 /* LaunchScreen.storyboard */,
				E16F1FDC1F5EFA0000B7ED98 /* Info.plist */,
				E16F1FCB1F5EFA0000B7ED98 /* Supporting Files */,
			);
			path = mySafeKeyboardDemo;
			sourceTree = "<group>";
		};
		E16F1FCB1F5EFA0000B7ED98 /* Supporting Files */ = {
			isa = PBXGroup;
			children = (
				E16F1FCC1F5EFA0000B7ED98 /* main.m */,
			);
			name = "Supporting Files";
			sourceTree = "<group>";
		};
		E16F1FE41F5EFA0100B7ED98 /* mySafeKeyboardDemoTests */ = {
			isa = PBXGroup;
			children = (
				E16F1FE51F5EFA0100B7ED98 /* mySafeKeyboardDemoTests.m */,
				E16F1FE71F5EFA0100B7ED98 /* Info.plist */,
			);
			path = mySafeKeyboardDemoTests;
			sourceTree = "<group>";
		};
		E16F1FEF1F5EFA0100B7ED98 /* mySafeKeyboardDemoUITests */ = {
			isa = PBXGroup;
			children = (
				E16F1FF01F5EFA0100B7ED98 /* mySafeKeyboardDemoUITests.m */,
				E16F1FF21F5EFA0100B7ED98 /* Info.plist */,
			);
			path = mySafeKeyboardDemoUITests;
			sourceTree = "<group>";
		};
		E16F1FFE1F5EFA1F00B7ED98 /* ISTSafeKeyBoard */ = {
			isa = PBXGroup;
			children = (
				E16F1FFF1F5EFA1F00B7ED98 /* ISTSafeKeyboard.h */,
				E16F20001F5EFA1F00B7ED98 /* ISTSafeKeyboard.m */,
				E16F20011F5EFA1F00B7ED98 /* Model */,
				E16F20041F5EFA1F00B7ED98 /* Supportint Files */,
				E16F20091F5EFA1F00B7ED98 /* Utils */,
				E16F20101F5EFA1F00B7ED98 /* View */,
			);
			path = ISTSafeKeyBoard;
			sourceTree = "<group>";
		};
		E16F20011F5EFA1F00B7ED98 /* Model */ = {
			isa = PBXGroup;
			children = (
				E16F20021F5EFA1F00B7ED98 /* ISTSafeKeyboardButton.h */,
				E16F20031F5EFA1F00B7ED98 /* ISTSafeKeyboardButton.m */,
			);
			path = Model;
			sourceTree = "<group>";
		};
		E16F20041F5EFA1F00B7ED98 /* Supportint Files */ = {
			isa = PBXGroup;
			children = (
				E1AC7EA51F5F8FB800C1AFBC /* ISTSafeKeyboard.xcassets */,
			);
			path = "Supportint Files";
			sourceTree = "<group>";
		};
		E16F20091F5EFA1F00B7ED98 /* Utils */ = {
			isa = PBXGroup;
			children = (
				E16F200A1F5EFA1F00B7ED98 /* NSMutableArray+ISTSafeKeyboardUpsetOrder.h */,
				E16F200B1F5EFA1F00B7ED98 /* NSMutableArray+ISTSafeKeyboardUpsetOrder.m */,
				E16F200C1F5EFA1F00B7ED98 /* UIResponder+ISTSafeKeyboardFirstResponder.h */,
				E16F200D1F5EFA1F00B7ED98 /* UIResponder+ISTSafeKeyboardFirstResponder.m */,
				E16F200E1F5EFA1F00B7ED98 /* UITextField+ISTSafeKeyboard.h */,
				E16F200F1F5EFA1F00B7ED98 /* UITextField+ISTSafeKeyboard.m */,
			);
			path = Utils;
			sourceTree = "<group>";
		};
		E16F20101F5EFA1F00B7ED98 /* View */ = {
			isa = PBXGroup;
			children = (
				E16F20111F5EFA1F00B7ED98 /* ISTSafeNumberKeybordView.h */,
				E16F20121F5EFA1F00B7ED98 /* ISTSafeNumberKeybordView.m */,
			);
			path = View;
			sourceTree = "<group>";
		};
/* End PBXGroup section */

/* Begin PBXNativeTarget section */
		E16F1FC71F5EFA0000B7ED98 /* mySafeKeyboardDemo */ = {
			isa = PBXNativeTarget;
			buildConfigurationList = E16F1FF51F5EFA0100B7ED98 /* Build configuration list for PBXNativeTarget "mySafeKeyboardDemo" */;
			buildPhases = (
				E16F1FC41F5EFA0000B7ED98 /* Sources */,
				E16F1FC51F5EFA0000B7ED98 /* Frameworks */,
				E16F1FC61F5EFA0000B7ED98 /* Resources */,
			);
			buildRules = (
			);
			dependencies = (
			);
			name = mySafeKeyboardDemo;
			productName = mySafeKeyboardDemo;
			productReference = E16F1FC81F5EFA0000B7ED98 /* mySafeKeyboardDemo.app */;
			productType = "com.apple.product-type.application";
		};
		E16F1FE01F5EFA0000B7ED98 /* mySafeKeyboardDemoTests */ = {
			isa = PBXNativeTarget;
			buildConfigurationList = E16F1FF81F5EFA0100B7ED98 /* Build configuration list for PBXNativeTarget "mySafeKeyboardDemoTests" */;
			buildPhases = (
				E16F1FDD1F5EFA0000B7ED98 /* Sources */,
				E16F1FDE1F5EFA0000B7ED98 /* Frameworks */,
				E16F1FDF1F5EFA0000B7ED98 /* Resources */,
			);
			buildRules = (
			);
			dependencies = (
				E16F1FE31F5EFA0000B7ED98 /* PBXTargetDependency */,
			);
			name = mySafeKeyboardDemoTests;
			productName = mySafeKeyboardDemoTests;
			productReference = E16F1FE11F5EFA0000B7ED98 /* mySafeKeyboardDemoTests.xctest */;
			productType = "com.apple.product-type.bundle.unit-test";
		};
		E16F1FEB1F5EFA0100B7ED98 /* mySafeKeyboardDemoUITests */ = {
			isa = PBXNativeTarget;
			buildConfigurationList = E16F1FFB1F5EFA0100B7ED98 /* Build configuration list for PBXNativeTarget "mySafeKeyboardDemoUITests" */;
			buildPhases = (
				E16F1FE81F5EFA0100B7ED98 /* Sources */,
				E16F1FE91F5EFA0100B7ED98 /* Frameworks */,
				E16F1FEA1F5EFA0100B7ED98 /* Resources */,
			);
			buildRules = (
			);
			dependencies = (
				E16F1FEE1F5EFA0100B7ED98 /* PBXTargetDependency */,
			);
			name = mySafeKeyboardDemoUITests;
			productName = mySafeKeyboardDemoUITests;
			productReference = E16F1FEC1F5EFA0100B7ED98 /* mySafeKeyboardDemoUITests.xctest */;
			productType = "com.apple.product-type.bundle.ui-testing";
		};
/* End PBXNativeTarget section */

/* Begin PBXProject section */
		E16F1FC01F5EFA0000B7ED98 /* Project object */ = {
			isa = PBXProject;
			attributes = {
				LastUpgradeCheck = 0830;
				ORGANIZATIONNAME = qichong;
				TargetAttributes = {
					E16F1FC71F5EFA0000B7ED98 = {
						CreatedOnToolsVersion = 8.3.3;
						ProvisioningStyle = Automatic;
					};
					E16F1FE01F5EFA0000B7ED98 = {
						CreatedOnToolsVersion = 8.3.3;
						ProvisioningStyle = Automatic;
						TestTargetID = E16F1FC71F5EFA0000B7ED98;
					};
					E16F1FEB1F5EFA0100B7ED98 = {
						CreatedOnToolsVersion = 8.3.3;
						ProvisioningStyle = Automatic;
						TestTargetID = E16F1FC71F5EFA0000B7ED98;
					};
				};
			};
			buildConfigurationList = E16F1FC31F5EFA0000B7ED98 /* Build configuration list for PBXProject "mySafeKeyboardDemo" */;
			compatibilityVersion = "Xcode 3.2";
			developmentRegion = English;
			hasScannedForEncodings = 0;
			knownRegions = (
				en,
				Base,
			);
			mainGroup = E16F1FBF1F5EFA0000B7ED98;
			productRefGroup = E16F1FC91F5EFA0000B7ED98 /* Products */;
			projectDirPath = "";
			projectRoot = "";
			targets = (
				E16F1FC71F5EFA0000B7ED98 /* mySafeKeyboardDemo */,
				E16F1FE01F5EFA0000B7ED98 /* mySafeKeyboardDemoTests */,
				E16F1FEB1F5EFA0100B7ED98 /* mySafeKeyboardDemoUITests */,
			);
		};
/* End PBXProject section */

/* Begin PBXResourcesBuildPhase section */
		E16F1FC61F5EFA0000B7ED98 /* Resources */ = {
			isa = PBXResourcesBuildPhase;
			buildActionMask = 2147483647;
			files = (
				E16F1FDB1F5EFA0000B7ED98 /* LaunchScreen.storyboard in Resources */,
				E1AC7EA61F5F8FB800C1AFBC /* ISTSafeKeyboard.xcassets in Resources */,
				E16F1FD81F5EFA0000B7ED98 /* Assets.xcassets in Resources */,
				E16F1FD61F5EFA0000B7ED98 /* Main.storyboard in Resources */,
			);
			runOnlyForDeploymentPostprocessing = 0;
		};
		E16F1FDF1F5EFA0000B7ED98 /* Resources */ = {
			isa = PBXResourcesBuildPhase;
			buildActionMask = 2147483647;
			files = (
			);
			runOnlyForDeploymentPostprocessing = 0;
		};
		E16F1FEA1F5EFA0100B7ED98 /* Resources */ = {
			isa = PBXResourcesBuildPhase;
			buildActionMask = 2147483647;
			files = (
			);
			runOnlyForDeploymentPostprocessing = 0;
		};
/* End PBXResourcesBuildPhase section */

/* Begin PBXSourcesBuildPhase section */
		E16F1FC41F5EFA0000B7ED98 /* Sources */ = {
			isa = PBXSourcesBuildPhase;
			buildActionMask = 2147483647;
			files = (
				E16F20131F5EFA1F00B7ED98 /* ISTSafeKeyboard.m in Sources */,
				E16F20191F5EFA1F00B7ED98 /* NSMutableArray+ISTSafeKeyboardUpsetOrder.m in Sources */,
				E16F201B1F5EFA1F00B7ED98 /* UITextField+ISTSafeKeyboard.m in Sources */,
				E16F201C1F5EFA1F00B7ED98 /* ISTSafeNumberKeybordView.m in Sources */,
				E16F1FD31F5EFA0000B7ED98 /* ViewController.m in Sources */,
				E16F20141F5EFA1F00B7ED98 /* ISTSafeKeyboardButton.m in Sources */,
				E16F1FD01F5EFA0000B7ED98 /* AppDelegate.m in Sources */,
				E16F1FCD1F5EFA0000B7ED98 /* main.m in Sources */,
				E16F201A1F5EFA1F00B7ED98 /* UIResponder+ISTSafeKeyboardFirstResponder.m in Sources */,
			);
			runOnlyForDeploymentPostprocessing = 0;
		};
		E16F1FDD1F5EFA0000B7ED98 /* Sources */ = {
			isa = PBXSourcesBuildPhase;
			buildActionMask = 2147483647;
			files = (
				E16F1FE61F5EFA0100B7ED98 /* mySafeKeyboardDemoTests.m in Sources */,
			);
			runOnlyForDeploymentPostprocessing = 0;
		};
		E16F1FE81F5EFA0100B7ED98 /* Sources */ = {
			isa = PBXSourcesBuildPhase;
			buildActionMask = 2147483647;
			files = (
				E16F1FF11F5EFA0100B7ED98 /* mySafeKeyboardDemoUITests.m in Sources */,
			);
			runOnlyForDeploymentPostprocessing = 0;
		};
/* End PBXSourcesBuildPhase section */

/* Begin PBXTargetDependency section */
		E16F1FE31F5EFA0000B7ED98 /* PBXTargetDependency */ = {
			isa = PBXTargetDependency;
			target = E16F1FC71F5EFA0000B7ED98 /* mySafeKeyboardDemo */;
			targetProxy = E16F1FE21F5EFA0000B7ED98 /* PBXContainerItemProxy */;
		};
		E16F1FEE1F5EFA0100B7ED98 /* PBXTargetDependency */ = {
			isa = PBXTargetDependency;
			target = E16F1FC71F5EFA0000B7ED98 /* mySafeKeyboardDemo */;
			targetProxy = E16F1FED1F5EFA0100B7ED98 /* PBXContainerItemProxy */;
		};
/* End PBXTargetDependency section */

/* Begin PBXVariantGroup section */
		E16F1FD41F5EFA0000B7ED98 /* Main.storyboard */ = {
			isa = PBXVariantGroup;
			children = (
				E16F1FD51F5EFA0000B7ED98 /* Base */,
			);
			name = Main.storyboard;
			sourceTree = "<group>";
		};
		E16F1FD91F5EFA0000B7ED98 /* LaunchScreen.storyboard */ = {
			isa = PBXVariantGroup;
			children = (
				E16F1FDA1F5EFA0000B7ED98 /* Base */,
			);
			name = LaunchScreen.storyboard;
			sourceTree = "<group>";
		};
/* End PBXVariantGroup section */

/* Begin XCBuildConfiguration section */
		E16F1FF31F5EFA0100B7ED98 /* Debug */ = {
			isa = XCBuildConfiguration;
			buildSettings = {
				ALWAYS_SEARCH_USER_PATHS = NO;
				CLANG_ANALYZER_NONNULL = YES;
				CLANG_ANALYZER_NUMBER_OBJECT_CONVERSION = YES_AGGRESSIVE;
				CLANG_CXX_LANGUAGE_STANDARD = "gnu++0x";
				CLANG_CXX_LIBRARY = "libc++";
				CLANG_ENABLE_MODULES = YES;
				CLANG_ENABLE_OBJC_ARC = YES;
				CLANG_WARN_BOOL_CONVERSION = YES;
				CLANG_WARN_CONSTANT_CONVERSION = YES;
				CLANG_WARN_DIRECT_OBJC_ISA_USAGE = YES_ERROR;
				CLANG_WARN_DOCUMENTATION_COMMENTS = YES;
				CLANG_WARN_EMPTY_BODY = YES;
				CLANG_WARN_ENUM_CONVERSION = YES;
				CLANG_WARN_INFINITE_RECURSION = YES;
				CLANG_WARN_INT_CONVERSION = YES;
				CLANG_WARN_OBJC_ROOT_CLASS = YES_ERROR;
				CLANG_WARN_SUSPICIOUS_MOVE = YES;
				CLANG_WARN_UNREACHABLE_CODE = YES;
				CLANG_WARN__DUPLICATE_METHOD_MATCH = YES;
				"CODE_SIGN_IDENTITY[sdk=iphoneos*]" = "iPhone Developer";
				COPY_PHASE_STRIP = NO;
				DEBUG_INFORMATION_FORMAT = dwarf;
				ENABLE_STRICT_OBJC_MSGSEND = YES;
				ENABLE_TESTABILITY = YES;
				GCC_C_LANGUAGE_STANDARD = gnu99;
				GCC_DYNAMIC_NO_PIC = NO;
				GCC_NO_COMMON_BLOCKS = YES;
				GCC_OPTIMIZATION_LEVEL = 0;
				GCC_PREPROCESSOR_DEFINITIONS = (
					"DEBUG=1",
					"$(inherited)",
				);
				GCC_WARN_64_TO_32_BIT_CONVERSION = YES;
				GCC_WARN_ABOUT_RETURN_TYPE = YES_ERROR;
				GCC_WARN_UNDECLARED_SELECTOR = YES;
				GCC_WARN_UNINITIALIZED_AUTOS = YES_AGGRESSIVE;
				GCC_WARN_UNUSED_FUNCTION = YES;
				GCC_WARN_UNUSED_VARIABLE = YES;
				IPHONEOS_DEPLOYMENT_TARGET = 10.3;
				MTL_ENABLE_DEBUG_INFO = YES;
				ONLY_ACTIVE_ARCH = YES;
				SDKROOT = iphoneos;
				TARGETED_DEVICE_FAMILY = "1,2";
			};
			name = Debug;
		};
		E16F1FF41F5EFA0100B7ED98 /* Release */ = {
			isa = XCBuildConfiguration;
			buildSettings = {
				ALWAYS_SEARCH_USER_PATHS = NO;
				CLANG_ANALYZER_NONNULL = YES;
				CLANG_ANALYZER_NUMBER_OBJECT_CONVERSION = YES_AGGRESSIVE;
				CLANG_CXX_LANGUAGE_STANDARD = "gnu++0x";
				CLANG_CXX_LIBRARY = "libc++";
				CLANG_ENABLE_MODULES = YES;
				CLANG_ENABLE_OBJC_ARC = YES;
				CLANG_WARN_BOOL_CONVERSION = YES;
				CLANG_WARN_CONSTANT_CONVERSION = YES;
				CLANG_WARN_DIRECT_OBJC_ISA_USAGE = YES_ERROR;
				CLANG_WARN_DOCUMENTATION_COMMENTS = YES;
				CLANG_WARN_EMPTY_BODY = YES;
				CLANG_WARN_ENUM_CONVERSION = YES;
				CLANG_WARN_INFINITE_RECURSION = YES;
				CLANG_WARN_INT_CONVERSION = YES;
				CLANG_WARN_OBJC_ROOT_CLASS = YES_ERROR;
				CLANG_WARN_SUSPICIOUS_MOVE = YES;
				CLANG_WARN_UNREACHABLE_CODE = YES;
				CLANG_WARN__DUPLICATE_METHOD_MATCH = YES;
				"CODE_SIGN_IDENTITY[sdk=iphoneos*]" = "iPhone Developer";
				COPY_PHASE_STRIP = NO;
				DEBUG_INFORMATION_FORMAT = "dwarf-with-dsym";
				ENABLE_NS_ASSERTIONS = NO;
				ENABLE_STRICT_OBJC_MSGSEND = YES;
				GCC_C_LANGUAGE_STANDARD = gnu99;
				GCC_NO_COMMON_BLOCKS = YES;
				GCC_WARN_64_TO_32_BIT_CONVERSION = YES;
				GCC_WARN_ABOUT_RETURN_TYPE = YES_ERROR;
				GCC_WARN_UNDECLARED_SELECTOR = YES;
				GCC_WARN_UNINITIALIZED_AUTOS = YES_AGGRESSIVE;
				GCC_WARN_UNUSED_FUNCTION = YES;
				GCC_WARN_UNUSED_VARIABLE = YES;
				IPHONEOS_DEPLOYMENT_TARGET = 10.3;
				MTL_ENABLE_DEBUG_INFO = NO;
				SDKROOT = iphoneos;
				TARGETED_DEVICE_FAMILY = "1,2";
				VALIDATE_PRODUCT = YES;
			};
			name = Release;
		};
		E16F1FF61F5EFA0100B7ED98 /* Debug */ = {
			isa = XCBuildConfiguration;
			buildSettings = {
				ASSETCATALOG_COMPILER_APPICON_NAME = AppIcon;
				INFOPLIST_FILE = mySafeKeyboardDemo/Info.plist;
				LD_RUNPATH_SEARCH_PATHS = "$(inherited) @executable_path/Frameworks";
				PRODUCT_BUNDLE_IDENTIFIER = "-11.mySafeKeyboardDemo";
				PRODUCT_NAME = "$(TARGET_NAME)";
			};
			name = Debug;
		};
		E16F1FF71F5EFA0100B7ED98 /* Release */ = {
			isa = XCBuildConfiguration;
			buildSettings = {
				ASSETCATALOG_COMPILER_APPICON_NAME = AppIcon;
				INFOPLIST_FILE = mySafeKeyboardDemo/Info.plist;
				LD_RUNPATH_SEARCH_PATHS = "$(inherited) @executable_path/Frameworks";
				PRODUCT_BUNDLE_IDENTIFIER = "-11.mySafeKeyboardDemo";
				PRODUCT_NAME = "$(TARGET_NAME)";
			};
			name = Release;
		};
		E16F1FF91F5EFA0100B7ED98 /* Debug */ = {
			isa = XCBuildConfiguration;
			buildSettings = {
				BUNDLE_LOADER = "$(TEST_HOST)";
				INFOPLIST_FILE = mySafeKeyboardDemoTests/Info.plist;
				LD_RUNPATH_SEARCH_PATHS = "$(inherited) @executable_path/Frameworks @loader_path/Frameworks";
				PRODUCT_BUNDLE_IDENTIFIER = "-11.mySafeKeyboardDemoTests";
				PRODUCT_NAME = "$(TARGET_NAME)";
				TEST_HOST = "$(BUILT_PRODUCTS_DIR)/mySafeKeyboardDemo.app/mySafeKeyboardDemo";
			};
			name = Debug;
		};
		E16F1FFA1F5EFA0100B7ED98 /* Release */ = {
			isa = XCBuildConfiguration;
			buildSettings = {
				BUNDLE_LOADER = "$(TEST_HOST)";
				INFOPLIST_FILE = mySafeKeyboardDemoTests/Info.plist;
				LD_RUNPATH_SEARCH_PATHS = "$(inherited) @executable_path/Frameworks @loader_path/Frameworks";
				PRODUCT_BUNDLE_IDENTIFIER = "-11.mySafeKeyboardDemoTests";
				PRODUCT_NAME = "$(TARGET_NAME)";
				TEST_HOST = "$(BUILT_PRODUCTS_DIR)/mySafeKeyboardDemo.app/mySafeKeyboardDemo";
			};
			name = Release;
		};
		E16F1FFC1F5EFA0100B7ED98 /* Debug */ = {
			isa = XCBuildConfiguration;
			buildSettings = {
				INFOPLIST_FILE = mySafeKeyboardDemoUITests/Info.plist;
				LD_RUNPATH_SEARCH_PATHS = "$(inherited) @executable_path/Frameworks @loader_path/Frameworks";
				PRODUCT_BUNDLE_IDENTIFIER = "-11.mySafeKeyboardDemoUITests";
				PRODUCT_NAME = "$(TARGET_NAME)";
				TEST_TARGET_NAME = mySafeKeyboardDemo;
			};
			name = Debug;
		};
		E16F1FFD1F5EFA0100B7ED98 /* Release */ = {
			isa = XCBuildConfiguration;
			buildSettings = {
				INFOPLIST_FILE = mySafeKeyboardDemoUITests/Info.plist;
				LD_RUNPATH_SEARCH_PATHS = "$(inherited) @executable_path/Frameworks @loader_path/Frameworks";
				PRODUCT_BUNDLE_IDENTIFIER = "-11.mySafeKeyboardDemoUITests";
				PRODUCT_NAME = "$(TARGET_NAME)";
				TEST_TARGET_NAME = mySafeKeyboardDemo;
			};
			name = Release;
		};
/* End XCBuildConfiguration section */

/* Begin XCConfigurationList section */
		E16F1FC31F5EFA0000B7ED98 /* Build configuration list for PBXProject "mySafeKeyboardDemo" */ = {
			isa = XCConfigurationList;
			buildConfigurations = (
				E16F1FF31F5EFA0100B7ED98 /* Debug */,
				E16F1FF41F5EFA0100B7ED98 /* Release */,
			);
			defaultConfigurationIsVisible = 0;
			defaultConfigurationName = Release;
		};
		E16F1FF51F5EFA0100B7ED98 /* Build configuration list for PBXNativeTarget "mySafeKeyboardDemo" */ = {
			isa = XCConfigurationList;
			buildConfigurations = (
				E16F1FF61F5EFA0100B7ED98 /* Debug */,
				E16F1FF71F5EFA0100B7ED98 /* Release */,
			);
			defaultConfigurationIsVisible = 0;
			defaultConfigurationName = Release;
		};
		E16F1FF81F5EFA0100B7ED98 /* Build configuration list for PBXNativeTarget "mySafeKeyboardDemoTests" */ = {
			isa = XCConfigurationList;
			buildConfigurations = (
				E16F1FF91F5EFA0100B7ED98 /* Debug */,
				E16F1FFA1F5EFA0100B7ED98 /* Release */,
			);
			defaultConfigurationIsVisible = 0;
			defaultConfigurationName = Release;
		};
		E16F1FFB1F5EFA0100B7ED98 /* Build configuration list for PBXNativeTarget "mySafeKeyboardDemoUITests" */ = {
			isa = XCConfigurationList;
			buildConfigurations = (
				E16F1FFC1F5EFA0100B7ED98 /* Debug */,
				E16F1FFD1F5EFA0100B7ED98 /* Release */,
			);
			defaultConfigurationIsVisible = 0;
			defaultConfigurationName = Release;
		};
/* End XCConfigurationList section */
	};
	rootObject = E16F1FC01F5EFA0000B7ED98 /* Project object */;
}
